<?xml version="1.0" encoding="UTF-8"?>
<CONFIG>
  <ProjectOptions>
    <Version Value="9"/>
    <General>
      <Flags>
        <MainUnitHasUsesSectionForAllUnits Value="False"/>
        <MainUnitHasCreateFormStatements Value="False"/>
        <MainUnitHasTitleStatement Value="False"/>
      </Flags>
      <SessionStorage Value="InIDEConfig"/>
      <MainUnit Value="0"/>
      <Title Value="cevo"/>
      <UseAppBundle Value="False"/>
      <ResourceType Value="res"/>
    </General>
    <i18n>
      <EnableI18N LFM="False"/>
    </i18n>
    <VersionInfo>
      <StringTable ProductVersion=""/>
    </VersionInfo>
    <BuildModes Count="1">
      <Item1 Name="Default" Default="True"/>
    </BuildModes>
    <PublishOptions>
      <Version Value="2"/>
    </PublishOptions>
    <RunParams>
      <local>
        <FormatVersion Value="1"/>
      </local>
    </RunParams>
    <RequiredPackages Count="1">
      <Item1>
        <PackageName Value="LCL"/>
      </Item1>
    </RequiredPackages>
    <Units Count="41">
      <Unit0>
        <Filename Value="cevo.dpr"/>
        <IsPartOfProject Value="True"/>
      </Unit0>
      <Unit1>
        <Filename Value="StringTables.pas"/>
        <IsPartOfProject Value="True"/>
        <UnitName Value="StringTables"/>
      </Unit1>
      <Unit2>
        <Filename Value="Directories.pas"/>
        <IsPartOfProject Value="True"/>
      </Unit2>
      <Unit3>
        <Filename Value="Protocol.pas"/>
        <IsPartOfProject Value="True"/>
      </Unit3>
      <Unit4>
        <Filename Value="CmdList.pas"/>
        <IsPartOfProject Value="True"/>
      </Unit4>
      <Unit5>
        <Filename Value="Database.pas"/>
        <IsPartOfProject Value="True"/>
      </Unit5>
      <Unit6>
        <Filename Value="GameServer.pas"/>
        <IsPartOfProject Value="True"/>
      </Unit6>
      <Unit7>
        <Filename Value="CityProcessing.pas"/>
        <IsPartOfProject Value="True"/>
      </Unit7>
      <Unit8>
        <Filename Value="UnitProcessing.pas"/>
        <IsPartOfProject Value="True"/>
      </Unit8>
      <Unit9>
        <Filename Value="Direct.pas"/>
        <IsPartOfProject Value="True"/>
        <HasResources Value="True"/>
        <UnitName Value="Direct"/>
      </Unit9>
      <Unit10>
        <Filename Value="ScreenTools.pas"/>
        <IsPartOfProject Value="True"/>
      </Unit10>
      <Unit11>
        <Filename Value="Start.pas"/>
        <IsPartOfProject Value="True"/>
        <HasResources Value="True"/>
        <UnitName Value="Start"/>
      </Unit11>
      <Unit12>
        <Filename Value="Messg.pas"/>
        <IsPartOfProject Value="True"/>
        <HasResources Value="True"/>
        <UnitName Value="Messg"/>
      </Unit12>
      <Unit13>
        <Filename Value="Inp.pas"/>
        <IsPartOfProject Value="True"/>
        <HasResources Value="True"/>
        <UnitName Value="Inp"/>
      </Unit13>
      <Unit14>
        <Filename Value="Back.pas"/>
        <IsPartOfProject Value="True"/>
        <HasResources Value="True"/>
        <UnitName Value="Back"/>
      </Unit14>
      <Unit15>
        <Filename Value="Log.pas"/>
        <IsPartOfProject Value="True"/>
        <HasResources Value="True"/>
        <UnitName Value="Log"/>
      </Unit15>
      <Unit16>
        <Filename Value="LocalPlayer/PVSB.pas"/>
        <IsPartOfProject Value="True"/>
      </Unit16>
      <Unit17>
        <Filename Value="LocalPlayer/LocalPlayer.pas"/>
        <IsPartOfProject Value="True"/>
      </Unit17>
      <Unit18>
        <Filename Value="LocalPlayer/ClientTools.pas"/>
        <IsPartOfProject Value="True"/>
      </Unit18>
      <Unit19>
        <Filename Value="LocalPlayer/Diplomacy.pas"/>
        <IsPartOfProject Value="True"/>
      </Unit19>
      <Unit20>
        <Filename Value="LocalPlayer/Tribes.pas"/>
        <IsPartOfProject Value="True"/>
      </Unit20>
      <Unit21>
        <Filename Value="LocalPlayer/IsoEngine.pas"/>
        <IsPartOfProject Value="True"/>
      </Unit21>
      <Unit22>
        <Filename Value="LocalPlayer/Term.pas"/>
        <IsPartOfProject Value="True"/>
        <HasResources Value="True"/>
        <UnitName Value="Term"/>
      </Unit22>
      <Unit23>
        <Filename Value="LocalPlayer/MessgEx.pas"/>
        <IsPartOfProject Value="True"/>
        <HasResources Value="True"/>
        <UnitName Value="MessgEx"/>
      </Unit23>
      <Unit24>
        <Filename Value="LocalPlayer/BaseWin.pas"/>
        <IsPartOfProject Value="True"/>
      </Unit24>
      <Unit25>
        <Filename Value="LocalPlayer/Help.pas"/>
        <IsPartOfProject Value="True"/>
        <HasResources Value="True"/>
        <UnitName Value="Help"/>
      </Unit25>
      <Unit26>
        <Filename Value="LocalPlayer/Select.pas"/>
        <IsPartOfProject Value="True"/>
        <HasResources Value="True"/>
        <UnitName Value="Select"/>
      </Unit26>
      <Unit27>
        <Filename Value="LocalPlayer/CityScreen.pas"/>
        <IsPartOfProject Value="True"/>
        <HasResources Value="True"/>
        <UnitName Value="CityScreen"/>
      </Unit27>
      <Unit28>
        <Filename Value="LocalPlayer/UnitStat.pas"/>
        <IsPartOfProject Value="True"/>
        <HasResources Value="True"/>
        <UnitName Value="UnitStat"/>
      </Unit28>
      <Unit29>
        <Filename Value="LocalPlayer/Draft.pas"/>
        <IsPartOfProject Value="True"/>
        <HasResources Value="True"/>
        <UnitName Value="Draft"/>
      </Unit29>
      <Unit30>
        <Filename Value="LocalPlayer/NatStat.pas"/>
        <IsPartOfProject Value="True"/>
        <HasResources Value="True"/>
        <UnitName Value="NatStat"/>
      </Unit30>
      <Unit31>
        <Filename Value="LocalPlayer/Diagram.pas"/>
        <IsPartOfProject Value="True"/>
        <HasResources Value="True"/>
        <UnitName Value="Diagram"/>
      </Unit31>
      <Unit32>
        <Filename Value="LocalPlayer/Wonders.pas"/>
        <IsPartOfProject Value="True"/>
        <HasResources Value="True"/>
        <UnitName Value="Wonders"/>
      </Unit32>
      <Unit33>
        <Filename Value="LocalPlayer/Nego.pas"/>
        <IsPartOfProject Value="True"/>
        <HasResources Value="True"/>
      </Unit33>
      <Unit34>
        <Filename Value="LocalPlayer/CityType.pas"/>
        <IsPartOfProject Value="True"/>
        <HasResources Value="True"/>
        <UnitName Value="CityType"/>
      </Unit34>
      <Unit35>
        <Filename Value="LocalPlayer/Enhance.pas"/>
        <IsPartOfProject Value="True"/>
        <HasResources Value="True"/>
      </Unit35>
      <Unit36>
        <Filename Value="NoTerm.pas"/>
        <IsPartOfProject Value="True"/>
        <HasResources Value="True"/>
      </Unit36>
      <Unit37>
        <Filename Value="Sound.pas"/>
        <IsPartOfProject Value="True"/>
        <HasResources Value="True"/>
      </Unit37>
      <Unit38>
        <Filename Value="LocalPlayer/Battle.pas"/>
        <IsPartOfProject Value="True"/>
        <HasResources Value="True"/>
      </Unit38>
      <Unit39>
        <Filename Value="LocalPlayer/Rates.pas"/>
        <IsPartOfProject Value="True"/>
        <HasResources Value="True"/>
      </Unit39>
      <Unit40>
        <Filename Value="LocalPlayer/TechTree.pas"/>
        <IsPartOfProject Value="True"/>
        <HasResources Value="True"/>
      </Unit40>
    </Units>
  </ProjectOptions>
  <CompilerOptions>
    <Version Value="11"/>
    <Target>
      <Filename Value="../bin/cevo"/>
    </Target>
    <SearchPaths>
      <IncludeFiles Value="LocalPlayer;$(ProjOutDir)"/>
      <OtherUnitFiles Value="LocalPlayer"/>
      <UnitOutputDirectory Value="../target"/>
    </SearchPaths>
    <Parsing>
      <SyntaxOptions>
        <SyntaxMode Value="Delphi"/>
        <AllowLabel Value="False"/>
        <CPPInline Value="False"/>
      </SyntaxOptions>
    </Parsing>
    <Linking>
      <Options>
        <Win32>
          <GraphicApplication Value="True"/>
        </Win32>
      </Options>
    </Linking>
  </CompilerOptions>
  <Debugging>
    <Exceptions Count="3">
      <Item1>
        <Name Value="EAbort"/>
      </Item1>
      <Item2>
        <Name Value="ECodetoolError"/>
      </Item2>
      <Item3>
        <Name Value="EFOpenError"/>
      </Item3>
    </Exceptions>
  </Debugging>
</CONFIG>
